
Microsoft Visual Studio Solution File, Format Version 12.00
# Visual Studio Version 16
VisualStudioVersion = 16.0.31829.152
MinimumVisualStudioVersion = 10.0.40219.1
Project("{FAE04EC0-301F-11D3-BF4B-00C04F79EFBC}") = "WpfApp_Task5", "WpfApp_Task5\WpfApp_Task5.csproj", "{F054C147-6208-4FE3-8B8F-E1AC279AE9D2}"
EndProject
Project("{FAE04EC0-301F-11D3-BF4B-00C04F79EFBC}") = "WpfApp_Task5_2", "WpfApp_Task5_2\WpfApp_Task5_2.csproj", "{C5B0142C-2AA2-4D40-8B9D-00F28FBCB803}"
EndProject
Global
	GlobalSection(SolutionConfigurationPlatforms) = preSolution
		Debug|Any CPU = Debug|Any CPU
		Release|Any CPU = Release|Any CPU
	EndGlobalSection
	GlobalSection(ProjectConfigurationPlatforms) = postSolution
		{F054C147-6208-4FE3-8B8F-E1AC279AE9D2}.Debug|Any CPU.ActiveCfg = Debug|Any CPU
		{F054C147-6208-4FE3-8B8F-E1AC279AE9D2}.Debug|Any CPU.Build.0 = Debug|Any CPU
		{F054C147-6208-4FE3-8B8F-E1AC279AE9D2}.Release|Any CPU.ActiveCfg = Release|Any CPU
		{F054C147-6208-4FE3-8B8F-E1AC279AE9D2}.Release|Any CPU.Build.0 = Release|Any CPU
		{C5B0142C-2AA2-4D40-8B9D-00F28FBCB803}.Debug|Any CPU.ActiveCfg = Debug|Any CPU
		{C5B0142C-2AA2-4D40-8B9D-00F28FBCB803}.Debug|Any CPU.Build.0 = Debug|Any CPU
		{C5B0142C-2AA2-4D40-8B9D-00F28FBCB803}.Release|Any CPU.ActiveCfg = Release|Any CPU
		{C5B0142C-2AA2-4D40-8B9D-00F28FBCB803}.Release|Any CPU.Build.0 = Release|Any CPU
	EndGlobalSection
	GlobalSection(SolutionProperties) = preSolution
		HideSolutionNode = FALSE
	EndGlobalSection
	GlobalSection(ExtensibilityGlobals) = postSolution
		SolutionGuid = {6454D977-946F-4294-A5DA-28214AD0F1CC}
	EndGlobalSection
EndGlobal
